# This file is autogenerated, do not edit; changes may be undone by the next 'dep ensure'.


[[projects]]
  name = "github.com/bnkamalesh/webgo"
  packages = ["."]
  revision = "2134dfb4a66ef62d034111822f1a4880f18278de"
  version = "v2.2.3"

[solve-meta]
  analyzer-name = "dep"
  analyzer-version = 1
  inputs-digest = "dfc25a4d25d35f3d809176efc80203ddc96885d4e4060ae6ff79b0f46291c48a"
  solver-name = "gps-cdcl"
  solver-version = 1
